
Microsoft Visual Studio Solution File, Format Version 12.00
# Visual Studio Version 17
VisualStudioVersion = 17.14.36301.6 d17.14
MinimumVisualStudioVersion = 10.0.40219.1
Project("{FAE04EC0-301F-11D3-BF4B-00C04F79EFBC}") = "Week2ChallengeLabs", "Week2ChallengeLabs.csproj", "{F57B37B3-453A-49E5-944F-E1AA5331D5D0}"
EndProject
Global
	GlobalSection(SolutionConfigurationPlatforms) = preSolution
		Debug|Any CPU = Debug|Any CPU
		Release|Any CPU = Release|Any CPU
	EndGlobalSection
	GlobalSection(ProjectConfigurationPlatforms) = postSolution
		{F57B37B3-453A-49E5-944F-E1AA5331D5D0}.Debug|Any CPU.ActiveCfg = Debug|Any CPU
		{F57B37B3-453A-49E5-944F-E1AA5331D5D0}.Debug|Any CPU.Build.0 = Debug|Any CPU
		{F57B37B3-453A-49E5-944F-E1AA5331D5D0}.Release|Any CPU.ActiveCfg = Release|Any CPU
		{F57B37B3-453A-49E5-944F-E1AA5331D5D0}.Release|Any CPU.Build.0 = Release|Any CPU
	EndGlobalSection
	GlobalSection(SolutionProperties) = preSolution
		HideSolutionNode = FALSE
	EndGlobalSection
	GlobalSection(ExtensibilityGlobals) = postSolution
		SolutionGuid = {08F2BB32-88AC-46F4-B711-848F907F0540}
	EndGlobalSection
EndGlobal
